
Microsoft Visual Studio Solution File, Format Version 12.00
# Visual Studio Version 16
VisualStudioVersion = 16.0.29009.5
MinimumVisualStudioVersion = 10.0.40219.1
Project("{9A19103F-16F7-4668-BE54-9A1E7A4F7556}") = "PuzzleBox.TimeLines", "PuzzleBox.TimeLines\PuzzleBox.TimeLines.csproj", "{FF896161-D4F1-4742-A573-E9D6159DD0BA}"
EndProject
Project("{FAE04EC0-301F-11D3-BF4B-00C04F79EFBC}") = "PuzzleBox.TimeLines.Test", "PuzzleBox.TimeLines.Test\PuzzleBox.TimeLines.Test.csproj", "{66867073-8C90-494A-9A6D-3A1DB525A949}"
EndProject
Global
	GlobalSection(SolutionConfigurationPlatforms) = preSolution
		Debug|Any CPU = Debug|Any CPU
		Release|Any CPU = Release|Any CPU
	EndGlobalSection
	GlobalSection(ProjectConfigurationPlatforms) = postSolution
		{FF896161-D4F1-4742-A573-E9D6159DD0BA}.Debug|Any CPU.ActiveCfg = Debug|Any CPU
		{FF896161-D4F1-4742-A573-E9D6159DD0BA}.Debug|Any CPU.Build.0 = Debug|Any CPU
		{FF896161-D4F1-4742-A573-E9D6159DD0BA}.Release|Any CPU.ActiveCfg = Release|Any CPU
		{FF896161-D4F1-4742-A573-E9D6159DD0BA}.Release|Any CPU.Build.0 = Release|Any CPU
		{66867073-8C90-494A-9A6D-3A1DB525A949}.Debug|Any CPU.ActiveCfg = Debug|Any CPU
		{66867073-8C90-494A-9A6D-3A1DB525A949}.Debug|Any CPU.Build.0 = Debug|Any CPU
		{66867073-8C90-494A-9A6D-3A1DB525A949}.Release|Any CPU.ActiveCfg = Release|Any CPU
		{66867073-8C90-494A-9A6D-3A1DB525A949}.Release|Any CPU.Build.0 = Release|Any CPU
	EndGlobalSection
	GlobalSection(SolutionProperties) = preSolution
		HideSolutionNode = FALSE
	EndGlobalSection
	GlobalSection(ExtensibilityGlobals) = postSolution
		SolutionGuid = {080008FE-FC95-4A3B-8140-653F75B41073}
	EndGlobalSection
EndGlobal
